// !$*UTF8*$!
{
	archiveVersion = 1;
	classes = {
	};
	objectVersion = 46;
	objects = {

/* Begin PBXBuildFile section */
		56B5EB191F44BD9B004C9970 /* main.cpp in Sources */ = {isa = PBXBuildFile; fileRef = 56B5EB181F44BD9B004C9970 /* main.cpp */; };
/* End PBXBuildFile section */

/* Begin PBXCopyFilesBuildPhase section */
		56B5EB131F44BD9A004C9970 /* CopyFiles */ = {
			isa = PBXCopyFilesBuildPhase;
			buildActionMask = 2147483647;
			dstPath = /usr/share/man/man1/;
			dstSubfolderSpec = 0;
			files = (
			);
			runOnlyForDeploymentPostprocessing = 1;
		};
/* End PBXCopyFilesBuildPhase section */

/* Begin PBXFileReference section */
		56B5EB151F44BD9A004C9970 /* Tema09-04 */ = {isa = PBXFileReference; explicitFileType = "compiled.mach-o.executable"; includeInIndex = 0; path = "Tema09-04"; sourceTree = BUILT_PRODUCTS_DIR; };
		56B5EB181F44BD9B004C9970 /* main.cpp */ = {isa = PBXFileReference; lastKnownFileType = sourcecode.cpp.cpp; path = main.cpp; sourceTree = "<group>"; };
		56B5EB1F1F44BDAE004C9970 /* prob-Tema09-01.pdf */ = {isa = PBXFileReference; lastKnownFileType = image.pdf; path = "prob-Tema09-01.pdf"; sourceTree = "<group>"; };
		56B5EB211F44BDEC004C9970 /* Arbin.h */ = {isa = PBXFileReference; fileEncoding = 4; lastKnownFileType = sourcecode.c.h; path = Arbin.h; sourceTree = "<group>"; };
		56B5EB221F44BDEC004C9970 /* Exceptions.h */ = {isa = PBXFileReference; fileEncoding = 4; lastKnownFileType = sourcecode.c.h; path = Exceptions.h; sourceTree = "<group>"; };
		56B5EB231F44BDEC004C9970 /* List.h */ = {isa = PBXFileReference; fileEncoding = 4; lastKnownFileType = sourcecode.c.h; path = List.h; sourceTree = "<group>"; };
		56B5EB241F44BDEC004C9970 /* Queue.h */ = {isa = PBXFileReference; fileEncoding = 4; lastKnownFileType = sourcecode.c.h; path = Queue.h; sourceTree = "<group>"; };
/* End PBXFileReference section */

/* Begin PBXFrameworksBuildPhase section */
		56B5EB121F44BD9A004C9970 /* Frameworks */ = {
			isa = PBXFrameworksBuildPhase;
			buildActionMask = 2147483647;
			files = (
			);
			runOnlyForDeploymentPostprocessing = 0;
		};
/* End PBXFrameworksBuildPhase section */

/* Begin PBXGroup section */
		56B5EB0C1F44BD9A004C9970 = {
			isa = PBXGroup;
			children = (
				56B5EB171F44BD9A004C9970 /* Tema09-04 */,
				56B5EB161F44BD9A004C9970 /* Products */,
			);
			sourceTree = "<group>";
		};
		56B5EB161F44BD9A004C9970 /* Products */ = {
			isa = PBXGroup;
			children = (
				56B5EB151F44BD9A004C9970 /* Tema09-04 */,
			);
			name = Products;
			sourceTree = "<group>";
		};
		56B5EB171F44BD9A004C9970 /* Tema09-04 */ = {
			isa = PBXGroup;
			children = (
				56B5EB201F44BDDD004C9970 /* TADs */,
				56B5EB181F44BD9B004C9970 /* main.cpp */,
				56B5EB1F1F44BDAE004C9970 /* prob-Tema09-01.pdf */,
			);
			path = "Tema09-04";
			sourceTree = "<group>";
		};
		56B5EB201F44BDDD004C9970 /* TADs */ = {
			isa = PBXGroup;
			children = (
				56B5EB211F44BDEC004C9970 /* Arbin.h */,
				56B5EB221F44BDEC004C9970 /* Exceptions.h */,
				56B5EB231F44BDEC004C9970 /* List.h */,
				56B5EB241F44BDEC004C9970 /* Queue.h */,
			);
			name = TADs;
			sourceTree = "<group>";
		};
/* End PBXGroup section */

/* Begin PBXNativeTarget section */
		56B5EB141F44BD9A004C9970 /* Tema09-04 */ = {
			isa = PBXNativeTarget;
			buildConfigurationList = 56B5EB1C1F44BD9B004C9970 /* Build configuration list for PBXNativeTarget "Tema09-04" */;
			buildPhases = (
				56B5EB111F44BD9A004C9970 /* Sources */,
				56B5EB121F44BD9A004C9970 /* Frameworks */,
				56B5EB131F44BD9A004C9970 /* CopyFiles */,
			);
			buildRules = (
			);
			dependencies = (
			);
			name = "Tema09-04";
			productName = "Tema09-04";
			productReference = 56B5EB151F44BD9A004C9970 /* Tema09-04 */;
			productType = "com.apple.product-type.tool";
		};
/* End PBXNativeTarget section */

/* Begin PBXProject section */
		56B5EB0D1F44BD9A004C9970 /* Project object */ = {
			isa = PBXProject;
			attributes = {
				LastUpgradeCheck = 0830;
				ORGANIZATIONNAME = "Yhondri ";
				TargetAttributes = {
					56B5EB141F44BD9A004C9970 = {
						CreatedOnToolsVersion = 8.3.3;
						DevelopmentTeam = UY69P266SE;
						ProvisioningStyle = Automatic;
					};
				};
			};
			buildConfigurationList = 56B5EB101F44BD9A004C9970 /* Build configuration list for PBXProject "Tema09-04" */;
			compatibilityVersion = "Xcode 3.2";
			developmentRegion = English;
			hasScannedForEncodings = 0;
			knownRegions = (
				en,
			);
			mainGroup = 56B5EB0C1F44BD9A004C9970;
			productRefGroup = 56B5EB161F44BD9A004C9970 /* Products */;
			projectDirPath = "";
			projectRoot = "";
			targets = (
				56B5EB141F44BD9A004C9970 /* Tema09-04 */,
			);
		};
/* End PBXProject section */

/* Begin PBXSourcesBuildPhase section */
		56B5EB111F44BD9A004C9970 /* Sources */ = {
			isa = PBXSourcesBuildPhase;
			buildActionMask = 2147483647;
			files = (
				56B5EB191F44BD9B004C9970 /* main.cpp in Sources */,
			);
			runOnlyForDeploymentPostprocessing = 0;
		};
/* End PBXSourcesBuildPhase section */

/* Begin XCBuildConfiguration section */
		56B5EB1A1F44BD9B004C9970 /* Debug */ = {
			isa = XCBuildConfiguration;
			buildSettings = {
				ALWAYS_SEARCH_USER_PATHS = NO;
				CLANG_ANALYZER_NONNULL = YES;
				CLANG_ANALYZER_NUMBER_OBJECT_CONVERSION = YES_AGGRESSIVE;
				CLANG_CXX_LANGUAGE_STANDARD = "gnu++0x";
				CLANG_CXX_LIBRARY = "libc++";
				CLANG_ENABLE_MODULES = YES;
				CLANG_ENABLE_OBJC_ARC = YES;
				CLANG_WARN_BOOL_CONVERSION = YES;
				CLANG_WARN_CONSTANT_CONVERSION = YES;
				CLANG_WARN_DIRECT_OBJC_ISA_USAGE = YES_ERROR;
				CLANG_WARN_DOCUMENTATION_COMMENTS = YES;
				CLANG_WARN_EMPTY_BODY = YES;
				CLANG_WARN_ENUM_CONVERSION = YES;
				CLANG_WARN_INFINITE_RECURSION = YES;
				CLANG_WARN_INT_CONVERSION = YES;
				CLANG_WARN_OBJC_ROOT_CLASS = YES_ERROR;
				CLANG_WARN_SUSPICIOUS_MOVE = YES;
				CLANG_WARN_UNREACHABLE_CODE = YES;
				CLANG_WARN__DUPLICATE_METHOD_MATCH = YES;
				CODE_SIGN_IDENTITY = "-";
				COPY_PHASE_STRIP = NO;
				DEBUG_INFORMATION_FORMAT = dwarf;
				ENABLE_STRICT_OBJC_MSGSEND = YES;
				ENABLE_TESTABILITY = YES;
				GCC_C_LANGUAGE_STANDARD = gnu99;
				GCC_DYNAMIC_NO_PIC = NO;
				GCC_NO_COMMON_BLOCKS = YES;
				GCC_OPTIMIZATION_LEVEL = 0;
				GCC_PREPROCESSOR_DEFINITIONS = (
					"DEBUG=1",
					"$(inherited)",
				);
				GCC_WARN_64_TO_32_BIT_CONVERSION = YES;
				GCC_WARN_ABOUT_RETURN_TYPE = YES_ERROR;
				GCC_WARN_UNDECLARED_SELECTOR = YES;
				GCC_WARN_UNINITIALIZED_AUTOS = YES_AGGRESSIVE;
				GCC_WARN_UNUSED_FUNCTION = YES;
				GCC_WARN_UNUSED_VARIABLE = YES;
				MACOSX_DEPLOYMENT_TARGET = 10.12;
				MTL_ENABLE_DEBUG_INFO = YES;
				ONLY_ACTIVE_ARCH = YES;
				SDKROOT = macosx;
			};
			name = Debug;
		};
		56B5EB1B1F44BD9B004C9970 /* Release */ = {
			isa = XCBuildConfiguration;
			buildSettings = {
				ALWAYS_SEARCH_USER_PATHS = NO;
				CLANG_ANALYZER_NONNULL = YES;
				CLANG_ANALYZER_NUMBER_OBJECT_CONVERSION = YES_AGGRESSIVE;
				CLANG_CXX_LANGUAGE_STANDARD = "gnu++0x";
				CLANG_CXX_LIBRARY = "libc++";
				CLANG_ENABLE_MODULES = YES;
				CLANG_ENABLE_OBJC_ARC = YES;
				CLANG_WARN_BOOL_CONVERSION = YES;
				CLANG_WARN_CONSTANT_CONVERSION = YES;
				CLANG_WARN_DIRECT_OBJC_ISA_USAGE = YES_ERROR;
				CLANG_WARN_DOCUMENTATION_COMMENTS = YES;
				CLANG_WARN_EMPTY_BODY = YES;
				CLANG_WARN_ENUM_CONVERSION = YES;
				CLANG_WARN_INFINITE_RECURSION = YES;
				CLANG_WARN_INT_CONVERSION = YES;
				CLANG_WARN_OBJC_ROOT_CLASS = YES_ERROR;
				CLANG_WARN_SUSPICIOUS_MOVE = YES;
				CLANG_WARN_UNREACHABLE_CODE = YES;
				CLANG_WARN__DUPLICATE_METHOD_MATCH = YES;
				CODE_SIGN_IDENTITY = "-";
				COPY_PHASE_STRIP = NO;
				DEBUG_INFORMATION_FORMAT = "dwarf-with-dsym";
				ENABLE_NS_ASSERTIONS = NO;
				ENABLE_STRICT_OBJC_MSGSEND = YES;
				GCC_C_LANGUAGE_STANDARD = gnu99;
				GCC_NO_COMMON_BLOCKS = YES;
				GCC_WARN_64_TO_32_BIT_CONVERSION = YES;
				GCC_WARN_ABOUT_RETURN_TYPE = YES_ERROR;
				GCC_WARN_UNDECLARED_SELECTOR = YES;
				GCC_WARN_UNINITIALIZED_AUTOS = YES_AGGRESSIVE;
				GCC_WARN_UNUSED_FUNCTION = YES;
				GCC_WARN_UNUSED_VARIABLE = YES;
				MACOSX_DEPLOYMENT_TARGET = 10.12;
				MTL_ENABLE_DEBUG_INFO = NO;
				SDKROOT = macosx;
			};
			name = Release;
		};
		56B5EB1D1F44BD9B004C9970 /* Debug */ = {
			isa = XCBuildConfiguration;
			buildSettings = {
				DEVELOPMENT_TEAM = UY69P266SE;
				PRODUCT_NAME = "$(TARGET_NAME)";
			};
			name = Debug;
		};
		56B5EB1E1F44BD9B004C9970 /* Release */ = {
			isa = XCBuildConfiguration;
			buildSettings = {
				DEVELOPMENT_TEAM = UY69P266SE;
				PRODUCT_NAME = "$(TARGET_NAME)";
			};
			name = Release;
		};
/* End XCBuildConfiguration section */

/* Begin XCConfigurationList section */
		56B5EB101F44BD9A004C9970 /* Build configuration list for PBXProject "Tema09-04" */ = {
			isa = XCConfigurationList;
			buildConfigurations = (
				56B5EB1A1F44BD9B004C9970 /* Debug */,
				56B5EB1B1F44BD9B004C9970 /* Release */,
			);
			defaultConfigurationIsVisible = 0;
			defaultConfigurationName = Release;
		};
		56B5EB1C1F44BD9B004C9970 /* Build configuration list for PBXNativeTarget "Tema09-04" */ = {
			isa = XCConfigurationList;
			buildConfigurations = (
				56B5EB1D1F44BD9B004C9970 /* Debug */,
				56B5EB1E1F44BD9B004C9970 /* Release */,
			);
			defaultConfigurationIsVisible = 0;
		};
/* End XCConfigurationList section */
	};
	rootObject = 56B5EB0D1F44BD9A004C9970 /* Project object */;
}
