// !$*UTF8*$!
{
	archiveVersion = 1;
	classes = {
	};
	objectVersion = 46;
	objects = {

/* Begin PBXBuildFile section */
		562AFB2E1EFE8421002B0E3F /* main.cpp in Sources */ = {isa = PBXBuildFile; fileRef = 562AFB2D1EFE8421002B0E3F /* main.cpp */; };
/* End PBXBuildFile section */

/* Begin PBXCopyFilesBuildPhase section */
		562AFB281EFE8421002B0E3F /* CopyFiles */ = {
			isa = PBXCopyFilesBuildPhase;
			buildActionMask = 2147483647;
			dstPath = /usr/share/man/man1/;
			dstSubfolderSpec = 0;
			files = (
			);
			runOnlyForDeploymentPostprocessing = 1;
		};
/* End PBXCopyFilesBuildPhase section */

/* Begin PBXFileReference section */
		562AFB2A1EFE8421002B0E3F /* Tema9_01 */ = {isa = PBXFileReference; explicitFileType = "compiled.mach-o.executable"; includeInIndex = 0; path = Tema9_01; sourceTree = BUILT_PRODUCTS_DIR; };
		562AFB2D1EFE8421002B0E3F /* main.cpp */ = {isa = PBXFileReference; lastKnownFileType = sourcecode.cpp.cpp; path = main.cpp; sourceTree = "<group>"; };
		562AFB341EFE845E002B0E3F /* Arbin.h */ = {isa = PBXFileReference; fileEncoding = 4; lastKnownFileType = sourcecode.c.h; path = Arbin.h; sourceTree = "<group>"; };
		562AFB351EFE845E002B0E3F /* Exceptions.h */ = {isa = PBXFileReference; fileEncoding = 4; lastKnownFileType = sourcecode.c.h; path = Exceptions.h; sourceTree = "<group>"; };
		562AFB361EFE845E002B0E3F /* List.h */ = {isa = PBXFileReference; fileEncoding = 4; lastKnownFileType = sourcecode.c.h; path = List.h; sourceTree = "<group>"; };
		562AFB371EFE8506002B0E3F /* Queue.h */ = {isa = PBXFileReference; fileEncoding = 4; lastKnownFileType = sourcecode.c.h; path = Queue.h; sourceTree = "<group>"; };
		562AFB381EFEEB51002B0E3F /* prob-Tema09-08.pdf */ = {isa = PBXFileReference; lastKnownFileType = image.pdf; path = "prob-Tema09-08.pdf"; sourceTree = "<group>"; };
/* End PBXFileReference section */

/* Begin PBXFrameworksBuildPhase section */
		562AFB271EFE8421002B0E3F /* Frameworks */ = {
			isa = PBXFrameworksBuildPhase;
			buildActionMask = 2147483647;
			files = (
			);
			runOnlyForDeploymentPostprocessing = 0;
		};
/* End PBXFrameworksBuildPhase section */

/* Begin PBXGroup section */
		562AFB211EFE8420002B0E3F = {
			isa = PBXGroup;
			children = (
				562AFB2C1EFE8421002B0E3F /* Tema9_01 */,
				562AFB2B1EFE8421002B0E3F /* Products */,
			);
			sourceTree = "<group>";
		};
		562AFB2B1EFE8421002B0E3F /* Products */ = {
			isa = PBXGroup;
			children = (
				562AFB2A1EFE8421002B0E3F /* Tema9_01 */,
			);
			name = Products;
			sourceTree = "<group>";
		};
		562AFB2C1EFE8421002B0E3F /* Tema9_01 */ = {
			isa = PBXGroup;
			children = (
				562AFB2D1EFE8421002B0E3F /* main.cpp */,
				562AFB341EFE845E002B0E3F /* Arbin.h */,
				562AFB351EFE845E002B0E3F /* Exceptions.h */,
				562AFB361EFE845E002B0E3F /* List.h */,
				562AFB371EFE8506002B0E3F /* Queue.h */,
				562AFB381EFEEB51002B0E3F /* prob-Tema09-08.pdf */,
			);
			path = Tema9_01;
			sourceTree = "<group>";
		};
/* End PBXGroup section */

/* Begin PBXNativeTarget section */
		562AFB291EFE8421002B0E3F /* Tema9_01 */ = {
			isa = PBXNativeTarget;
			buildConfigurationList = 562AFB311EFE8421002B0E3F /* Build configuration list for PBXNativeTarget "Tema9_01" */;
			buildPhases = (
				562AFB261EFE8421002B0E3F /* Sources */,
				562AFB271EFE8421002B0E3F /* Frameworks */,
				562AFB281EFE8421002B0E3F /* CopyFiles */,
			);
			buildRules = (
			);
			dependencies = (
			);
			name = Tema9_01;
			productName = Tema9_01;
			productReference = 562AFB2A1EFE8421002B0E3F /* Tema9_01 */;
			productType = "com.apple.product-type.tool";
		};
/* End PBXNativeTarget section */

/* Begin PBXProject section */
		562AFB221EFE8420002B0E3F /* Project object */ = {
			isa = PBXProject;
			attributes = {
				LastUpgradeCheck = 0820;
				ORGANIZATIONNAME = Yhondri;
				TargetAttributes = {
					562AFB291EFE8421002B0E3F = {
						CreatedOnToolsVersion = 8.2.1;
						DevelopmentTeam = UY69P266SE;
						ProvisioningStyle = Automatic;
					};
				};
			};
			buildConfigurationList = 562AFB251EFE8420002B0E3F /* Build configuration list for PBXProject "Tema9_01" */;
			compatibilityVersion = "Xcode 3.2";
			developmentRegion = English;
			hasScannedForEncodings = 0;
			knownRegions = (
				en,
			);
			mainGroup = 562AFB211EFE8420002B0E3F;
			productRefGroup = 562AFB2B1EFE8421002B0E3F /* Products */;
			projectDirPath = "";
			projectRoot = "";
			targets = (
				562AFB291EFE8421002B0E3F /* Tema9_01 */,
			);
		};
/* End PBXProject section */

/* Begin PBXSourcesBuildPhase section */
		562AFB261EFE8421002B0E3F /* Sources */ = {
			isa = PBXSourcesBuildPhase;
			buildActionMask = 2147483647;
			files = (
				562AFB2E1EFE8421002B0E3F /* main.cpp in Sources */,
			);
			runOnlyForDeploymentPostprocessing = 0;
		};
/* End PBXSourcesBuildPhase section */

/* Begin XCBuildConfiguration section */
		562AFB2F1EFE8421002B0E3F /* Debug */ = {
			isa = XCBuildConfiguration;
			buildSettings = {
				ALWAYS_SEARCH_USER_PATHS = NO;
				CLANG_ANALYZER_NONNULL = YES;
				CLANG_CXX_LANGUAGE_STANDARD = "gnu++0x";
				CLANG_CXX_LIBRARY = "libc++";
				CLANG_ENABLE_MODULES = YES;
				CLANG_ENABLE_OBJC_ARC = YES;
				CLANG_WARN_BOOL_CONVERSION = YES;
				CLANG_WARN_CONSTANT_CONVERSION = YES;
				CLANG_WARN_DIRECT_OBJC_ISA_USAGE = YES_ERROR;
				CLANG_WARN_DOCUMENTATION_COMMENTS = YES;
				CLANG_WARN_EMPTY_BODY = YES;
				CLANG_WARN_ENUM_CONVERSION = YES;
				CLANG_WARN_INFINITE_RECURSION = YES;
				CLANG_WARN_INT_CONVERSION = YES;
				CLANG_WARN_OBJC_ROOT_CLASS = YES_ERROR;
				CLANG_WARN_SUSPICIOUS_MOVE = YES;
				CLANG_WARN_UNREACHABLE_CODE = YES;
				CLANG_WARN__DUPLICATE_METHOD_MATCH = YES;
				CODE_SIGN_IDENTITY = "-";
				COPY_PHASE_STRIP = NO;
				DEBUG_INFORMATION_FORMAT = dwarf;
				ENABLE_STRICT_OBJC_MSGSEND = YES;
				ENABLE_TESTABILITY = YES;
				GCC_C_LANGUAGE_STANDARD = gnu99;
				GCC_DYNAMIC_NO_PIC = NO;
				GCC_NO_COMMON_BLOCKS = YES;
				GCC_OPTIMIZATION_LEVEL = 0;
				GCC_PREPROCESSOR_DEFINITIONS = (
					"DEBUG=1",
					"$(inherited)",
				);
				GCC_WARN_64_TO_32_BIT_CONVERSION = YES;
				GCC_WARN_ABOUT_RETURN_TYPE = YES_ERROR;
				GCC_WARN_UNDECLARED_SELECTOR = YES;
				GCC_WARN_UNINITIALIZED_AUTOS = YES_AGGRESSIVE;
				GCC_WARN_UNUSED_FUNCTION = YES;
				GCC_WARN_UNUSED_VARIABLE = YES;
				MACOSX_DEPLOYMENT_TARGET = 10.12;
				MTL_ENABLE_DEBUG_INFO = YES;
				ONLY_ACTIVE_ARCH = YES;
				SDKROOT = macosx;
			};
			name = Debug;
		};
		562AFB301EFE8421002B0E3F /* Release */ = {
			isa = XCBuildConfiguration;
			buildSettings = {
				ALWAYS_SEARCH_USER_PATHS = NO;
				CLANG_ANALYZER_NONNULL = YES;
				CLANG_CXX_LANGUAGE_STANDARD = "gnu++0x";
				CLANG_CXX_LIBRARY = "libc++";
				CLANG_ENABLE_MODULES = YES;
				CLANG_ENABLE_OBJC_ARC = YES;
				CLANG_WARN_BOOL_CONVERSION = YES;
				CLANG_WARN_CONSTANT_CONVERSION = YES;
				CLANG_WARN_DIRECT_OBJC_ISA_USAGE = YES_ERROR;
				CLANG_WARN_DOCUMENTATION_COMMENTS = YES;
				CLANG_WARN_EMPTY_BODY = YES;
				CLANG_WARN_ENUM_CONVERSION = YES;
				CLANG_WARN_INFINITE_RECURSION = YES;
				CLANG_WARN_INT_CONVERSION = YES;
				CLANG_WARN_OBJC_ROOT_CLASS = YES_ERROR;
				CLANG_WARN_SUSPICIOUS_MOVE = YES;
				CLANG_WARN_UNREACHABLE_CODE = YES;
				CLANG_WARN__DUPLICATE_METHOD_MATCH = YES;
				CODE_SIGN_IDENTITY = "-";
				COPY_PHASE_STRIP = NO;
				DEBUG_INFORMATION_FORMAT = "dwarf-with-dsym";
				ENABLE_NS_ASSERTIONS = NO;
				ENABLE_STRICT_OBJC_MSGSEND = YES;
				GCC_C_LANGUAGE_STANDARD = gnu99;
				GCC_NO_COMMON_BLOCKS = YES;
				GCC_WARN_64_TO_32_BIT_CONVERSION = YES;
				GCC_WARN_ABOUT_RETURN_TYPE = YES_ERROR;
				GCC_WARN_UNDECLARED_SELECTOR = YES;
				GCC_WARN_UNINITIALIZED_AUTOS = YES_AGGRESSIVE;
				GCC_WARN_UNUSED_FUNCTION = YES;
				GCC_WARN_UNUSED_VARIABLE = YES;
				MACOSX_DEPLOYMENT_TARGET = 10.12;
				MTL_ENABLE_DEBUG_INFO = NO;
				SDKROOT = macosx;
			};
			name = Release;
		};
		562AFB321EFE8421002B0E3F /* Debug */ = {
			isa = XCBuildConfiguration;
			buildSettings = {
				DEVELOPMENT_TEAM = UY69P266SE;
				PRODUCT_NAME = "$(TARGET_NAME)";
			};
			name = Debug;
		};
		562AFB331EFE8421002B0E3F /* Release */ = {
			isa = XCBuildConfiguration;
			buildSettings = {
				DEVELOPMENT_TEAM = UY69P266SE;
				PRODUCT_NAME = "$(TARGET_NAME)";
			};
			name = Release;
		};
/* End XCBuildConfiguration section */

/* Begin XCConfigurationList section */
		562AFB251EFE8420002B0E3F /* Build configuration list for PBXProject "Tema9_01" */ = {
			isa = XCConfigurationList;
			buildConfigurations = (
				562AFB2F1EFE8421002B0E3F /* Debug */,
				562AFB301EFE8421002B0E3F /* Release */,
			);
			defaultConfigurationIsVisible = 0;
			defaultConfigurationName = Release;
		};
		562AFB311EFE8421002B0E3F /* Build configuration list for PBXNativeTarget "Tema9_01" */ = {
			isa = XCConfigurationList;
			buildConfigurations = (
				562AFB321EFE8421002B0E3F /* Debug */,
				562AFB331EFE8421002B0E3F /* Release */,
			);
			defaultConfigurationIsVisible = 0;
			defaultConfigurationName = Release;
		};
/* End XCConfigurationList section */
	};
	rootObject = 562AFB221EFE8420002B0E3F /* Project object */;
}
