// !$*UTF8*$!
{
	archiveVersion = 1;
	classes = {
	};
	objectVersion = 50;
	objects = {

/* Begin PBXBuildFile section */
		5691FFFA229B1FD200D3425A /* main.cpp in Sources */ = {isa = PBXBuildFile; fileRef = 5691FFF9229B1FD200D3425A /* main.cpp */; };
/* End PBXBuildFile section */

/* Begin PBXCopyFilesBuildPhase section */
		5691FFF4229B1FD200D3425A /* CopyFiles */ = {
			isa = PBXCopyFilesBuildPhase;
			buildActionMask = 2147483647;
			dstPath = /usr/share/man/man1/;
			dstSubfolderSpec = 0;
			files = (
			);
			runOnlyForDeploymentPostprocessing = 1;
		};
/* End PBXCopyFilesBuildPhase section */

/* Begin PBXFileReference section */
		568D7243229C5BAA007ADA1F /* GestionAdmisiones.h */ = {isa = PBXFileReference; lastKnownFileType = sourcecode.c.h; path = GestionAdmisiones.h; sourceTree = "<group>"; };
		56910000229B1FE000D3425A /* casos */ = {isa = PBXFileReference; fileEncoding = 4; lastKnownFileType = text; path = casos; sourceTree = "<group>"; };
		56910001229B1FE800D3425A /* 2017Junio_EDA_2Parcial_II.pdf */ = {isa = PBXFileReference; lastKnownFileType = image.pdf; path = 2017Junio_EDA_2Parcial_II.pdf; sourceTree = "<group>"; };
		5691FFF6229B1FD200D3425A /* examen_ej03_junio_2017 */ = {isa = PBXFileReference; explicitFileType = "compiled.mach-o.executable"; includeInIndex = 0; path = examen_ej03_junio_2017; sourceTree = BUILT_PRODUCTS_DIR; };
		5691FFF9229B1FD200D3425A /* main.cpp */ = {isa = PBXFileReference; lastKnownFileType = sourcecode.cpp.cpp; path = main.cpp; sourceTree = "<group>"; };
/* End PBXFileReference section */

/* Begin PBXFrameworksBuildPhase section */
		5691FFF3229B1FD200D3425A /* Frameworks */ = {
			isa = PBXFrameworksBuildPhase;
			buildActionMask = 2147483647;
			files = (
			);
			runOnlyForDeploymentPostprocessing = 0;
		};
/* End PBXFrameworksBuildPhase section */

/* Begin PBXGroup section */
		5691FFED229B1FD200D3425A = {
			isa = PBXGroup;
			children = (
				5691FFF8229B1FD200D3425A /* examen_ej03_junio_2017 */,
				5691FFF7229B1FD200D3425A /* Products */,
			);
			sourceTree = "<group>";
		};
		5691FFF7229B1FD200D3425A /* Products */ = {
			isa = PBXGroup;
			children = (
				5691FFF6229B1FD200D3425A /* examen_ej03_junio_2017 */,
			);
			name = Products;
			sourceTree = "<group>";
		};
		5691FFF8229B1FD200D3425A /* examen_ej03_junio_2017 */ = {
			isa = PBXGroup;
			children = (
				5691FFF9229B1FD200D3425A /* main.cpp */,
				568D7243229C5BAA007ADA1F /* GestionAdmisiones.h */,
				56910000229B1FE000D3425A /* casos */,
				56910001229B1FE800D3425A /* 2017Junio_EDA_2Parcial_II.pdf */,
			);
			path = examen_ej03_junio_2017;
			sourceTree = "<group>";
		};
/* End PBXGroup section */

/* Begin PBXNativeTarget section */
		5691FFF5229B1FD200D3425A /* examen_ej03_junio_2017 */ = {
			isa = PBXNativeTarget;
			buildConfigurationList = 5691FFFD229B1FD200D3425A /* Build configuration list for PBXNativeTarget "examen_ej03_junio_2017" */;
			buildPhases = (
				5691FFF2229B1FD200D3425A /* Sources */,
				5691FFF3229B1FD200D3425A /* Frameworks */,
				5691FFF4229B1FD200D3425A /* CopyFiles */,
			);
			buildRules = (
			);
			dependencies = (
			);
			name = examen_ej03_junio_2017;
			productName = examen_ej03_junio_2017;
			productReference = 5691FFF6229B1FD200D3425A /* examen_ej03_junio_2017 */;
			productType = "com.apple.product-type.tool";
		};
/* End PBXNativeTarget section */

/* Begin PBXProject section */
		5691FFEE229B1FD200D3425A /* Project object */ = {
			isa = PBXProject;
			attributes = {
				LastUpgradeCheck = 1020;
				ORGANIZATIONNAME = yhondri;
				TargetAttributes = {
					5691FFF5229B1FD200D3425A = {
						CreatedOnToolsVersion = 10.2.1;
					};
				};
			};
			buildConfigurationList = 5691FFF1229B1FD200D3425A /* Build configuration list for PBXProject "examen_ej03_junio_2017" */;
			compatibilityVersion = "Xcode 9.3";
			developmentRegion = en;
			hasScannedForEncodings = 0;
			knownRegions = (
				en,
			);
			mainGroup = 5691FFED229B1FD200D3425A;
			productRefGroup = 5691FFF7229B1FD200D3425A /* Products */;
			projectDirPath = "";
			projectRoot = "";
			targets = (
				5691FFF5229B1FD200D3425A /* examen_ej03_junio_2017 */,
			);
		};
/* End PBXProject section */

/* Begin PBXSourcesBuildPhase section */
		5691FFF2229B1FD200D3425A /* Sources */ = {
			isa = PBXSourcesBuildPhase;
			buildActionMask = 2147483647;
			files = (
				5691FFFA229B1FD200D3425A /* main.cpp in Sources */,
			);
			runOnlyForDeploymentPostprocessing = 0;
		};
/* End PBXSourcesBuildPhase section */

/* Begin XCBuildConfiguration section */
		5691FFFB229B1FD200D3425A /* Debug */ = {
			isa = XCBuildConfiguration;
			buildSettings = {
				ALWAYS_SEARCH_USER_PATHS = NO;
				CLANG_ANALYZER_NONNULL = YES;
				CLANG_ANALYZER_NUMBER_OBJECT_CONVERSION = YES_AGGRESSIVE;
				CLANG_CXX_LANGUAGE_STANDARD = "gnu++14";
				CLANG_CXX_LIBRARY = "libc++";
				CLANG_ENABLE_MODULES = YES;
				CLANG_ENABLE_OBJC_ARC = YES;
				CLANG_ENABLE_OBJC_WEAK = YES;
				CLANG_WARN_BLOCK_CAPTURE_AUTORELEASING = YES;
				CLANG_WARN_BOOL_CONVERSION = YES;
				CLANG_WARN_COMMA = YES;
				CLANG_WARN_CONSTANT_CONVERSION = YES;
				CLANG_WARN_DEPRECATED_OBJC_IMPLEMENTATIONS = YES;
				CLANG_WARN_DIRECT_OBJC_ISA_USAGE = YES_ERROR;
				CLANG_WARN_DOCUMENTATION_COMMENTS = YES;
				CLANG_WARN_EMPTY_BODY = YES;
				CLANG_WARN_ENUM_CONVERSION = YES;
				CLANG_WARN_INFINITE_RECURSION = YES;
				CLANG_WARN_INT_CONVERSION = YES;
				CLANG_WARN_NON_LITERAL_NULL_CONVERSION = YES;
				CLANG_WARN_OBJC_IMPLICIT_RETAIN_SELF = YES;
				CLANG_WARN_OBJC_LITERAL_CONVERSION = YES;
				CLANG_WARN_OBJC_ROOT_CLASS = YES_ERROR;
				CLANG_WARN_RANGE_LOOP_ANALYSIS = YES;
				CLANG_WARN_STRICT_PROTOTYPES = YES;
				CLANG_WARN_SUSPICIOUS_MOVE = YES;
				CLANG_WARN_UNGUARDED_AVAILABILITY = YES_AGGRESSIVE;
				CLANG_WARN_UNREACHABLE_CODE = YES;
				CLANG_WARN__DUPLICATE_METHOD_MATCH = YES;
				CODE_SIGN_IDENTITY = "Mac Developer";
				COPY_PHASE_STRIP = NO;
				DEBUG_INFORMATION_FORMAT = dwarf;
				ENABLE_STRICT_OBJC_MSGSEND = YES;
				ENABLE_TESTABILITY = YES;
				GCC_C_LANGUAGE_STANDARD = gnu11;
				GCC_DYNAMIC_NO_PIC = NO;
				GCC_NO_COMMON_BLOCKS = YES;
				GCC_OPTIMIZATION_LEVEL = 0;
				GCC_PREPROCESSOR_DEFINITIONS = (
					"DEBUG=1",
					"$(inherited)",
				);
				GCC_WARN_64_TO_32_BIT_CONVERSION = YES;
				GCC_WARN_ABOUT_RETURN_TYPE = YES_ERROR;
				GCC_WARN_UNDECLARED_SELECTOR = YES;
				GCC_WARN_UNINITIALIZED_AUTOS = YES_AGGRESSIVE;
				GCC_WARN_UNUSED_FUNCTION = YES;
				GCC_WARN_UNUSED_VARIABLE = YES;
				MACOSX_DEPLOYMENT_TARGET = 10.14;
				MTL_ENABLE_DEBUG_INFO = INCLUDE_SOURCE;
				MTL_FAST_MATH = YES;
				ONLY_ACTIVE_ARCH = YES;
				SDKROOT = macosx;
			};
			name = Debug;
		};
		5691FFFC229B1FD200D3425A /* Release */ = {
			isa = XCBuildConfiguration;
			buildSettings = {
				ALWAYS_SEARCH_USER_PATHS = NO;
				CLANG_ANALYZER_NONNULL = YES;
				CLANG_ANALYZER_NUMBER_OBJECT_CONVERSION = YES_AGGRESSIVE;
				CLANG_CXX_LANGUAGE_STANDARD = "gnu++14";
				CLANG_CXX_LIBRARY = "libc++";
				CLANG_ENABLE_MODULES = YES;
				CLANG_ENABLE_OBJC_ARC = YES;
				CLANG_ENABLE_OBJC_WEAK = YES;
				CLANG_WARN_BLOCK_CAPTURE_AUTORELEASING = YES;
				CLANG_WARN_BOOL_CONVERSION = YES;
				CLANG_WARN_COMMA = YES;
				CLANG_WARN_CONSTANT_CONVERSION = YES;
				CLANG_WARN_DEPRECATED_OBJC_IMPLEMENTATIONS = YES;
				CLANG_WARN_DIRECT_OBJC_ISA_USAGE = YES_ERROR;
				CLANG_WARN_DOCUMENTATION_COMMENTS = YES;
				CLANG_WARN_EMPTY_BODY = YES;
				CLANG_WARN_ENUM_CONVERSION = YES;
				CLANG_WARN_INFINITE_RECURSION = YES;
				CLANG_WARN_INT_CONVERSION = YES;
				CLANG_WARN_NON_LITERAL_NULL_CONVERSION = YES;
				CLANG_WARN_OBJC_IMPLICIT_RETAIN_SELF = YES;
				CLANG_WARN_OBJC_LITERAL_CONVERSION = YES;
				CLANG_WARN_OBJC_ROOT_CLASS = YES_ERROR;
				CLANG_WARN_RANGE_LOOP_ANALYSIS = YES;
				CLANG_WARN_STRICT_PROTOTYPES = YES;
				CLANG_WARN_SUSPICIOUS_MOVE = YES;
				CLANG_WARN_UNGUARDED_AVAILABILITY = YES_AGGRESSIVE;
				CLANG_WARN_UNREACHABLE_CODE = YES;
				CLANG_WARN__DUPLICATE_METHOD_MATCH = YES;
				CODE_SIGN_IDENTITY = "Mac Developer";
				COPY_PHASE_STRIP = NO;
				DEBUG_INFORMATION_FORMAT = "dwarf-with-dsym";
				ENABLE_NS_ASSERTIONS = NO;
				ENABLE_STRICT_OBJC_MSGSEND = YES;
				GCC_C_LANGUAGE_STANDARD = gnu11;
				GCC_NO_COMMON_BLOCKS = YES;
				GCC_WARN_64_TO_32_BIT_CONVERSION = YES;
				GCC_WARN_ABOUT_RETURN_TYPE = YES_ERROR;
				GCC_WARN_UNDECLARED_SELECTOR = YES;
				GCC_WARN_UNINITIALIZED_AUTOS = YES_AGGRESSIVE;
				GCC_WARN_UNUSED_FUNCTION = YES;
				GCC_WARN_UNUSED_VARIABLE = YES;
				MACOSX_DEPLOYMENT_TARGET = 10.14;
				MTL_ENABLE_DEBUG_INFO = NO;
				MTL_FAST_MATH = YES;
				SDKROOT = macosx;
			};
			name = Release;
		};
		5691FFFE229B1FD200D3425A /* Debug */ = {
			isa = XCBuildConfiguration;
			buildSettings = {
				CODE_SIGN_STYLE = Automatic;
				DEVELOPMENT_TEAM = UY69P266SE;
				PRODUCT_NAME = "$(TARGET_NAME)";
			};
			name = Debug;
		};
		5691FFFF229B1FD200D3425A /* Release */ = {
			isa = XCBuildConfiguration;
			buildSettings = {
				CODE_SIGN_STYLE = Automatic;
				DEVELOPMENT_TEAM = UY69P266SE;
				PRODUCT_NAME = "$(TARGET_NAME)";
			};
			name = Release;
		};
/* End XCBuildConfiguration section */

/* Begin XCConfigurationList section */
		5691FFF1229B1FD200D3425A /* Build configuration list for PBXProject "examen_ej03_junio_2017" */ = {
			isa = XCConfigurationList;
			buildConfigurations = (
				5691FFFB229B1FD200D3425A /* Debug */,
				5691FFFC229B1FD200D3425A /* Release */,
			);
			defaultConfigurationIsVisible = 0;
			defaultConfigurationName = Release;
		};
		5691FFFD229B1FD200D3425A /* Build configuration list for PBXNativeTarget "examen_ej03_junio_2017" */ = {
			isa = XCConfigurationList;
			buildConfigurations = (
				5691FFFE229B1FD200D3425A /* Debug */,
				5691FFFF229B1FD200D3425A /* Release */,
			);
			defaultConfigurationIsVisible = 0;
			defaultConfigurationName = Release;
		};
/* End XCConfigurationList section */
	};
	rootObject = 5691FFEE229B1FD200D3425A /* Project object */;
}
