// !$*UTF8*$!
{
	archiveVersion = 1;
	classes = {
	};
	objectVersion = 46;
	objects = {

/* Begin PBXBuildFile section */
		562727121EBDE1BD001023CE /* main.cpp in Sources */ = {isa = PBXBuildFile; fileRef = 562727111EBDE1BD001023CE /* main.cpp */; };
		5627272E1EBDE1D9001023CE /* AuxiliaryFuncs.cpp in Sources */ = {isa = PBXBuildFile; fileRef = 562727181EBDE1D9001023CE /* AuxiliaryFuncs.cpp */; };
		5627272F1EBDE1D9001023CE /* Date1A.cpp in Sources */ = {isa = PBXBuildFile; fileRef = 5627271A1EBDE1D9001023CE /* Date1A.cpp */; };
		562727301EBDE1D9001023CE /* Date1B.cpp in Sources */ = {isa = PBXBuildFile; fileRef = 5627271C1EBDE1D9001023CE /* Date1B.cpp */; };
		562727311EBDE1D9001023CE /* Date2.cpp in Sources */ = {isa = PBXBuildFile; fileRef = 5627271E1EBDE1D9001023CE /* Date2.cpp */; };
		562727321EBDE1D9001023CE /* Date4.cpp in Sources */ = {isa = PBXBuildFile; fileRef = 562727201EBDE1D9001023CE /* Date4.cpp */; };
		562727331EBDE1D9001023CE /* DateTests.cpp in Sources */ = {isa = PBXBuildFile; fileRef = 562727221EBDE1D9001023CE /* DateTests.cpp */; };
		562727341EBDE1D9001023CE /* SetOfInts1.cpp in Sources */ = {isa = PBXBuildFile; fileRef = 562727261EBDE1D9001023CE /* SetOfInts1.cpp */; };
		562727351EBDE1D9001023CE /* SetOfInts2.cpp in Sources */ = {isa = PBXBuildFile; fileRef = 562727281EBDE1D9001023CE /* SetOfInts2.cpp */; };
		562727361EBDE1D9001023CE /* SetOfInts3.cpp in Sources */ = {isa = PBXBuildFile; fileRef = 5627272A1EBDE1D9001023CE /* SetOfInts3.cpp */; };
		562727371EBDE1D9001023CE /* SetTests.cpp in Sources */ = {isa = PBXBuildFile; fileRef = 5627272C1EBDE1D9001023CE /* SetTests.cpp */; };
/* End PBXBuildFile section */

/* Begin PBXCopyFilesBuildPhase section */
		5627270C1EBDE1BD001023CE /* CopyFiles */ = {
			isa = PBXCopyFilesBuildPhase;
			buildActionMask = 2147483647;
			dstPath = /usr/share/man/man1/;
			dstSubfolderSpec = 0;
			files = (
			);
			runOnlyForDeploymentPostprocessing = 1;
		};
/* End PBXCopyFilesBuildPhase section */

/* Begin PBXFileReference section */
		5627270E1EBDE1BD001023CE /* TADTema07 */ = {isa = PBXFileReference; explicitFileType = "compiled.mach-o.executable"; includeInIndex = 0; path = TADTema07; sourceTree = BUILT_PRODUCTS_DIR; };
		562727111EBDE1BD001023CE /* main.cpp */ = {isa = PBXFileReference; lastKnownFileType = sourcecode.cpp.cpp; path = main.cpp; sourceTree = "<group>"; };
		562727181EBDE1D9001023CE /* AuxiliaryFuncs.cpp */ = {isa = PBXFileReference; fileEncoding = 4; lastKnownFileType = sourcecode.cpp.cpp; path = AuxiliaryFuncs.cpp; sourceTree = "<group>"; };
		562727191EBDE1D9001023CE /* AuxiliaryFuncs.h */ = {isa = PBXFileReference; fileEncoding = 4; lastKnownFileType = sourcecode.c.h; path = AuxiliaryFuncs.h; sourceTree = "<group>"; };
		5627271A1EBDE1D9001023CE /* Date1A.cpp */ = {isa = PBXFileReference; fileEncoding = 4; lastKnownFileType = sourcecode.cpp.cpp; path = Date1A.cpp; sourceTree = "<group>"; };
		5627271B1EBDE1D9001023CE /* Date1A.h */ = {isa = PBXFileReference; fileEncoding = 4; lastKnownFileType = sourcecode.c.h; path = Date1A.h; sourceTree = "<group>"; };
		5627271C1EBDE1D9001023CE /* Date1B.cpp */ = {isa = PBXFileReference; fileEncoding = 4; lastKnownFileType = sourcecode.cpp.cpp; path = Date1B.cpp; sourceTree = "<group>"; };
		5627271D1EBDE1D9001023CE /* Date1B.h */ = {isa = PBXFileReference; fileEncoding = 4; lastKnownFileType = sourcecode.c.h; path = Date1B.h; sourceTree = "<group>"; };
		5627271E1EBDE1D9001023CE /* Date2.cpp */ = {isa = PBXFileReference; fileEncoding = 4; lastKnownFileType = sourcecode.cpp.cpp; path = Date2.cpp; sourceTree = "<group>"; };
		5627271F1EBDE1D9001023CE /* Date2.h */ = {isa = PBXFileReference; fileEncoding = 4; lastKnownFileType = sourcecode.c.h; path = Date2.h; sourceTree = "<group>"; };
		562727201EBDE1D9001023CE /* Date4.cpp */ = {isa = PBXFileReference; fileEncoding = 4; lastKnownFileType = sourcecode.cpp.cpp; path = Date4.cpp; sourceTree = "<group>"; };
		562727211EBDE1D9001023CE /* Date4.h */ = {isa = PBXFileReference; fileEncoding = 4; lastKnownFileType = sourcecode.c.h; path = Date4.h; sourceTree = "<group>"; };
		562727221EBDE1D9001023CE /* DateTests.cpp */ = {isa = PBXFileReference; fileEncoding = 4; lastKnownFileType = sourcecode.cpp.cpp; path = DateTests.cpp; sourceTree = "<group>"; };
		562727231EBDE1D9001023CE /* DateTests.h */ = {isa = PBXFileReference; fileEncoding = 4; lastKnownFileType = sourcecode.c.h; path = DateTests.h; sourceTree = "<group>"; };
		562727241EBDE1D9001023CE /* Error.h */ = {isa = PBXFileReference; fileEncoding = 4; lastKnownFileType = sourcecode.c.h; path = Error.h; sourceTree = "<group>"; };
		562727251EBDE1D9001023CE /* Set.h */ = {isa = PBXFileReference; fileEncoding = 4; lastKnownFileType = sourcecode.c.h; path = Set.h; sourceTree = "<group>"; };
		562727261EBDE1D9001023CE /* SetOfInts1.cpp */ = {isa = PBXFileReference; fileEncoding = 4; lastKnownFileType = sourcecode.cpp.cpp; path = SetOfInts1.cpp; sourceTree = "<group>"; };
		562727271EBDE1D9001023CE /* SetOfInts1.h */ = {isa = PBXFileReference; fileEncoding = 4; lastKnownFileType = sourcecode.c.h; path = SetOfInts1.h; sourceTree = "<group>"; };
		562727281EBDE1D9001023CE /* SetOfInts2.cpp */ = {isa = PBXFileReference; fileEncoding = 4; lastKnownFileType = sourcecode.cpp.cpp; path = SetOfInts2.cpp; sourceTree = "<group>"; };
		562727291EBDE1D9001023CE /* SetOfInts2.h */ = {isa = PBXFileReference; fileEncoding = 4; lastKnownFileType = sourcecode.c.h; path = SetOfInts2.h; sourceTree = "<group>"; };
		5627272A1EBDE1D9001023CE /* SetOfInts3.cpp */ = {isa = PBXFileReference; fileEncoding = 4; lastKnownFileType = sourcecode.cpp.cpp; path = SetOfInts3.cpp; sourceTree = "<group>"; };
		5627272B1EBDE1D9001023CE /* SetOfInts3.h */ = {isa = PBXFileReference; fileEncoding = 4; lastKnownFileType = sourcecode.c.h; path = SetOfInts3.h; sourceTree = "<group>"; };
		5627272C1EBDE1D9001023CE /* SetTests.cpp */ = {isa = PBXFileReference; fileEncoding = 4; lastKnownFileType = sourcecode.cpp.cpp; path = SetTests.cpp; sourceTree = "<group>"; };
		5627272D1EBDE1D9001023CE /* SetTests.h */ = {isa = PBXFileReference; fileEncoding = 4; lastKnownFileType = sourcecode.c.h; path = SetTests.h; sourceTree = "<group>"; };
		564F88E91EE7211B00946AA7 /* ProbTema07-01.pdf */ = {isa = PBXFileReference; lastKnownFileType = image.pdf; name = "ProbTema07-01.pdf"; path = "Enunciados/Ejercicio Evaluación Continua/ProbTema07-01.pdf"; sourceTree = "<group>"; };
/* End PBXFileReference section */

/* Begin PBXFrameworksBuildPhase section */
		5627270B1EBDE1BD001023CE /* Frameworks */ = {
			isa = PBXFrameworksBuildPhase;
			buildActionMask = 2147483647;
			files = (
			);
			runOnlyForDeploymentPostprocessing = 0;
		};
/* End PBXFrameworksBuildPhase section */

/* Begin PBXGroup section */
		562727051EBDE1BD001023CE = {
			isa = PBXGroup;
			children = (
				562727101EBDE1BD001023CE /* TADTema07 */,
				5627270F1EBDE1BD001023CE /* Products */,
			);
			sourceTree = "<group>";
		};
		5627270F1EBDE1BD001023CE /* Products */ = {
			isa = PBXGroup;
			children = (
				5627270E1EBDE1BD001023CE /* TADTema07 */,
			);
			name = Products;
			sourceTree = "<group>";
		};
		562727101EBDE1BD001023CE /* TADTema07 */ = {
			isa = PBXGroup;
			children = (
				562727111EBDE1BD001023CE /* main.cpp */,
				562727181EBDE1D9001023CE /* AuxiliaryFuncs.cpp */,
				562727191EBDE1D9001023CE /* AuxiliaryFuncs.h */,
				5627271A1EBDE1D9001023CE /* Date1A.cpp */,
				5627271B1EBDE1D9001023CE /* Date1A.h */,
				5627271C1EBDE1D9001023CE /* Date1B.cpp */,
				5627271D1EBDE1D9001023CE /* Date1B.h */,
				5627271E1EBDE1D9001023CE /* Date2.cpp */,
				5627271F1EBDE1D9001023CE /* Date2.h */,
				562727201EBDE1D9001023CE /* Date4.cpp */,
				562727211EBDE1D9001023CE /* Date4.h */,
				562727221EBDE1D9001023CE /* DateTests.cpp */,
				562727231EBDE1D9001023CE /* DateTests.h */,
				562727241EBDE1D9001023CE /* Error.h */,
				562727251EBDE1D9001023CE /* Set.h */,
				562727261EBDE1D9001023CE /* SetOfInts1.cpp */,
				562727271EBDE1D9001023CE /* SetOfInts1.h */,
				562727281EBDE1D9001023CE /* SetOfInts2.cpp */,
				562727291EBDE1D9001023CE /* SetOfInts2.h */,
				5627272A1EBDE1D9001023CE /* SetOfInts3.cpp */,
				5627272B1EBDE1D9001023CE /* SetOfInts3.h */,
				5627272C1EBDE1D9001023CE /* SetTests.cpp */,
				5627272D1EBDE1D9001023CE /* SetTests.h */,
				564F88E81EE7210700946AA7 /* Enunciados */,
			);
			path = TADTema07;
			sourceTree = "<group>";
		};
		564F88E81EE7210700946AA7 /* Enunciados */ = {
			isa = PBXGroup;
			children = (
				564F88E91EE7211B00946AA7 /* ProbTema07-01.pdf */,
			);
			name = Enunciados;
			sourceTree = "<group>";
		};
/* End PBXGroup section */

/* Begin PBXNativeTarget section */
		5627270D1EBDE1BD001023CE /* TADTema07 */ = {
			isa = PBXNativeTarget;
			buildConfigurationList = 562727151EBDE1BD001023CE /* Build configuration list for PBXNativeTarget "TADTema07" */;
			buildPhases = (
				5627270A1EBDE1BD001023CE /* Sources */,
				5627270B1EBDE1BD001023CE /* Frameworks */,
				5627270C1EBDE1BD001023CE /* CopyFiles */,
			);
			buildRules = (
			);
			dependencies = (
			);
			name = TADTema07;
			productName = TADTema07;
			productReference = 5627270E1EBDE1BD001023CE /* TADTema07 */;
			productType = "com.apple.product-type.tool";
		};
/* End PBXNativeTarget section */

/* Begin PBXProject section */
		562727061EBDE1BD001023CE /* Project object */ = {
			isa = PBXProject;
			attributes = {
				LastUpgradeCheck = 0820;
				ORGANIZATIONNAME = Yhondri;
				TargetAttributes = {
					5627270D1EBDE1BD001023CE = {
						CreatedOnToolsVersion = 8.2.1;
						DevelopmentTeam = UY69P266SE;
						ProvisioningStyle = Automatic;
					};
				};
			};
			buildConfigurationList = 562727091EBDE1BD001023CE /* Build configuration list for PBXProject "TADTema07" */;
			compatibilityVersion = "Xcode 3.2";
			developmentRegion = English;
			hasScannedForEncodings = 0;
			knownRegions = (
				en,
			);
			mainGroup = 562727051EBDE1BD001023CE;
			productRefGroup = 5627270F1EBDE1BD001023CE /* Products */;
			projectDirPath = "";
			projectRoot = "";
			targets = (
				5627270D1EBDE1BD001023CE /* TADTema07 */,
			);
		};
/* End PBXProject section */

/* Begin PBXSourcesBuildPhase section */
		5627270A1EBDE1BD001023CE /* Sources */ = {
			isa = PBXSourcesBuildPhase;
			buildActionMask = 2147483647;
			files = (
				562727301EBDE1D9001023CE /* Date1B.cpp in Sources */,
				5627272E1EBDE1D9001023CE /* AuxiliaryFuncs.cpp in Sources */,
				562727321EBDE1D9001023CE /* Date4.cpp in Sources */,
				562727361EBDE1D9001023CE /* SetOfInts3.cpp in Sources */,
				562727311EBDE1D9001023CE /* Date2.cpp in Sources */,
				562727351EBDE1D9001023CE /* SetOfInts2.cpp in Sources */,
				5627272F1EBDE1D9001023CE /* Date1A.cpp in Sources */,
				562727331EBDE1D9001023CE /* DateTests.cpp in Sources */,
				562727121EBDE1BD001023CE /* main.cpp in Sources */,
				562727371EBDE1D9001023CE /* SetTests.cpp in Sources */,
				562727341EBDE1D9001023CE /* SetOfInts1.cpp in Sources */,
			);
			runOnlyForDeploymentPostprocessing = 0;
		};
/* End PBXSourcesBuildPhase section */

/* Begin XCBuildConfiguration section */
		562727131EBDE1BD001023CE /* Debug */ = {
			isa = XCBuildConfiguration;
			buildSettings = {
				ALWAYS_SEARCH_USER_PATHS = NO;
				CLANG_ANALYZER_NONNULL = YES;
				CLANG_CXX_LANGUAGE_STANDARD = "gnu++0x";
				CLANG_CXX_LIBRARY = "libc++";
				CLANG_ENABLE_MODULES = YES;
				CLANG_ENABLE_OBJC_ARC = YES;
				CLANG_WARN_BOOL_CONVERSION = YES;
				CLANG_WARN_CONSTANT_CONVERSION = YES;
				CLANG_WARN_DIRECT_OBJC_ISA_USAGE = YES_ERROR;
				CLANG_WARN_DOCUMENTATION_COMMENTS = YES;
				CLANG_WARN_EMPTY_BODY = YES;
				CLANG_WARN_ENUM_CONVERSION = YES;
				CLANG_WARN_INFINITE_RECURSION = YES;
				CLANG_WARN_INT_CONVERSION = YES;
				CLANG_WARN_OBJC_ROOT_CLASS = YES_ERROR;
				CLANG_WARN_SUSPICIOUS_MOVE = YES;
				CLANG_WARN_UNREACHABLE_CODE = YES;
				CLANG_WARN__DUPLICATE_METHOD_MATCH = YES;
				CODE_SIGN_IDENTITY = "-";
				COPY_PHASE_STRIP = NO;
				DEBUG_INFORMATION_FORMAT = dwarf;
				ENABLE_STRICT_OBJC_MSGSEND = YES;
				ENABLE_TESTABILITY = YES;
				GCC_C_LANGUAGE_STANDARD = gnu99;
				GCC_DYNAMIC_NO_PIC = NO;
				GCC_NO_COMMON_BLOCKS = YES;
				GCC_OPTIMIZATION_LEVEL = 0;
				GCC_PREPROCESSOR_DEFINITIONS = (
					"DEBUG=1",
					"$(inherited)",
				);
				GCC_WARN_64_TO_32_BIT_CONVERSION = YES;
				GCC_WARN_ABOUT_RETURN_TYPE = YES_ERROR;
				GCC_WARN_UNDECLARED_SELECTOR = YES;
				GCC_WARN_UNINITIALIZED_AUTOS = YES_AGGRESSIVE;
				GCC_WARN_UNUSED_FUNCTION = YES;
				GCC_WARN_UNUSED_VARIABLE = YES;
				MACOSX_DEPLOYMENT_TARGET = 10.12;
				MTL_ENABLE_DEBUG_INFO = YES;
				ONLY_ACTIVE_ARCH = YES;
				SDKROOT = macosx;
			};
			name = Debug;
		};
		562727141EBDE1BD001023CE /* Release */ = {
			isa = XCBuildConfiguration;
			buildSettings = {
				ALWAYS_SEARCH_USER_PATHS = NO;
				CLANG_ANALYZER_NONNULL = YES;
				CLANG_CXX_LANGUAGE_STANDARD = "gnu++0x";
				CLANG_CXX_LIBRARY = "libc++";
				CLANG_ENABLE_MODULES = YES;
				CLANG_ENABLE_OBJC_ARC = YES;
				CLANG_WARN_BOOL_CONVERSION = YES;
				CLANG_WARN_CONSTANT_CONVERSION = YES;
				CLANG_WARN_DIRECT_OBJC_ISA_USAGE = YES_ERROR;
				CLANG_WARN_DOCUMENTATION_COMMENTS = YES;
				CLANG_WARN_EMPTY_BODY = YES;
				CLANG_WARN_ENUM_CONVERSION = YES;
				CLANG_WARN_INFINITE_RECURSION = YES;
				CLANG_WARN_INT_CONVERSION = YES;
				CLANG_WARN_OBJC_ROOT_CLASS = YES_ERROR;
				CLANG_WARN_SUSPICIOUS_MOVE = YES;
				CLANG_WARN_UNREACHABLE_CODE = YES;
				CLANG_WARN__DUPLICATE_METHOD_MATCH = YES;
				CODE_SIGN_IDENTITY = "-";
				COPY_PHASE_STRIP = NO;
				DEBUG_INFORMATION_FORMAT = "dwarf-with-dsym";
				ENABLE_NS_ASSERTIONS = NO;
				ENABLE_STRICT_OBJC_MSGSEND = YES;
				GCC_C_LANGUAGE_STANDARD = gnu99;
				GCC_NO_COMMON_BLOCKS = YES;
				GCC_WARN_64_TO_32_BIT_CONVERSION = YES;
				GCC_WARN_ABOUT_RETURN_TYPE = YES_ERROR;
				GCC_WARN_UNDECLARED_SELECTOR = YES;
				GCC_WARN_UNINITIALIZED_AUTOS = YES_AGGRESSIVE;
				GCC_WARN_UNUSED_FUNCTION = YES;
				GCC_WARN_UNUSED_VARIABLE = YES;
				MACOSX_DEPLOYMENT_TARGET = 10.12;
				MTL_ENABLE_DEBUG_INFO = NO;
				SDKROOT = macosx;
			};
			name = Release;
		};
		562727161EBDE1BD001023CE /* Debug */ = {
			isa = XCBuildConfiguration;
			buildSettings = {
				DEVELOPMENT_TEAM = UY69P266SE;
				PRODUCT_NAME = "$(TARGET_NAME)";
			};
			name = Debug;
		};
		562727171EBDE1BD001023CE /* Release */ = {
			isa = XCBuildConfiguration;
			buildSettings = {
				DEVELOPMENT_TEAM = UY69P266SE;
				PRODUCT_NAME = "$(TARGET_NAME)";
			};
			name = Release;
		};
/* End XCBuildConfiguration section */

/* Begin XCConfigurationList section */
		562727091EBDE1BD001023CE /* Build configuration list for PBXProject "TADTema07" */ = {
			isa = XCConfigurationList;
			buildConfigurations = (
				562727131EBDE1BD001023CE /* Debug */,
				562727141EBDE1BD001023CE /* Release */,
			);
			defaultConfigurationIsVisible = 0;
			defaultConfigurationName = Release;
		};
		562727151EBDE1BD001023CE /* Build configuration list for PBXNativeTarget "TADTema07" */ = {
			isa = XCConfigurationList;
			buildConfigurations = (
				562727161EBDE1BD001023CE /* Debug */,
				562727171EBDE1BD001023CE /* Release */,
			);
			defaultConfigurationIsVisible = 0;
			defaultConfigurationName = Release;
		};
/* End XCConfigurationList section */
	};
	rootObject = 562727061EBDE1BD001023CE /* Project object */;
}
