// !$*UTF8*$!
{
	archiveVersion = 1;
	classes = {
	};
	objectVersion = 46;
	objects = {

/* Begin PBXBuildFile section */
		56353B821EFD9E1100B8FB76 /* main.cpp in Sources */ = {isa = PBXBuildFile; fileRef = 56353B811EFD9E1100B8FB76 /* main.cpp */; };
/* End PBXBuildFile section */

/* Begin PBXCopyFilesBuildPhase section */
		56353B7C1EFD9E1100B8FB76 /* CopyFiles */ = {
			isa = PBXCopyFilesBuildPhase;
			buildActionMask = 2147483647;
			dstPath = /usr/share/man/man1/;
			dstSubfolderSpec = 0;
			files = (
			);
			runOnlyForDeploymentPostprocessing = 1;
		};
/* End PBXCopyFilesBuildPhase section */

/* Begin PBXFileReference section */
		56353B7E1EFD9E1100B8FB76 /* Tema8_LaColaInjusta */ = {isa = PBXFileReference; explicitFileType = "compiled.mach-o.executable"; includeInIndex = 0; path = Tema8_LaColaInjusta; sourceTree = BUILT_PRODUCTS_DIR; };
		56353B811EFD9E1100B8FB76 /* main.cpp */ = {isa = PBXFileReference; lastKnownFileType = sourcecode.cpp.cpp; path = main.cpp; sourceTree = "<group>"; };
		56353B881EFD9E2C00B8FB76 /* ProbTema8-2.pdf */ = {isa = PBXFileReference; lastKnownFileType = image.pdf; path = "ProbTema8-2.pdf"; sourceTree = "<group>"; };
		56353B891EFD9E3F00B8FB76 /* Queue.h */ = {isa = PBXFileReference; fileEncoding = 4; lastKnownFileType = sourcecode.c.h; path = Queue.h; sourceTree = "<group>"; };
		56353B8A1EFD9F2D00B8FB76 /* Exceptions.h */ = {isa = PBXFileReference; lastKnownFileType = sourcecode.c.h; path = Exceptions.h; sourceTree = "<group>"; };
/* End PBXFileReference section */

/* Begin PBXFrameworksBuildPhase section */
		56353B7B1EFD9E1100B8FB76 /* Frameworks */ = {
			isa = PBXFrameworksBuildPhase;
			buildActionMask = 2147483647;
			files = (
			);
			runOnlyForDeploymentPostprocessing = 0;
		};
/* End PBXFrameworksBuildPhase section */

/* Begin PBXGroup section */
		56353B751EFD9E1100B8FB76 = {
			isa = PBXGroup;
			children = (
				56353B801EFD9E1100B8FB76 /* Tema8_LaColaInjusta */,
				56353B7F1EFD9E1100B8FB76 /* Products */,
			);
			sourceTree = "<group>";
		};
		56353B7F1EFD9E1100B8FB76 /* Products */ = {
			isa = PBXGroup;
			children = (
				56353B7E1EFD9E1100B8FB76 /* Tema8_LaColaInjusta */,
			);
			name = Products;
			sourceTree = "<group>";
		};
		56353B801EFD9E1100B8FB76 /* Tema8_LaColaInjusta */ = {
			isa = PBXGroup;
			children = (
				56353B881EFD9E2C00B8FB76 /* ProbTema8-2.pdf */,
				56353B811EFD9E1100B8FB76 /* main.cpp */,
				56353B891EFD9E3F00B8FB76 /* Queue.h */,
				56353B8A1EFD9F2D00B8FB76 /* Exceptions.h */,
			);
			path = Tema8_LaColaInjusta;
			sourceTree = "<group>";
		};
/* End PBXGroup section */

/* Begin PBXNativeTarget section */
		56353B7D1EFD9E1100B8FB76 /* Tema8_LaColaInjusta */ = {
			isa = PBXNativeTarget;
			buildConfigurationList = 56353B851EFD9E1100B8FB76 /* Build configuration list for PBXNativeTarget "Tema8_LaColaInjusta" */;
			buildPhases = (
				56353B7A1EFD9E1100B8FB76 /* Sources */,
				56353B7B1EFD9E1100B8FB76 /* Frameworks */,
				56353B7C1EFD9E1100B8FB76 /* CopyFiles */,
			);
			buildRules = (
			);
			dependencies = (
			);
			name = Tema8_LaColaInjusta;
			productName = Tema8_LaColaInjusta;
			productReference = 56353B7E1EFD9E1100B8FB76 /* Tema8_LaColaInjusta */;
			productType = "com.apple.product-type.tool";
		};
/* End PBXNativeTarget section */

/* Begin PBXProject section */
		56353B761EFD9E1100B8FB76 /* Project object */ = {
			isa = PBXProject;
			attributes = {
				LastUpgradeCheck = 0820;
				ORGANIZATIONNAME = Yhondri;
				TargetAttributes = {
					56353B7D1EFD9E1100B8FB76 = {
						CreatedOnToolsVersion = 8.2.1;
						DevelopmentTeam = UY69P266SE;
						ProvisioningStyle = Automatic;
					};
				};
			};
			buildConfigurationList = 56353B791EFD9E1100B8FB76 /* Build configuration list for PBXProject "Tema8_LaColaInjusta" */;
			compatibilityVersion = "Xcode 3.2";
			developmentRegion = English;
			hasScannedForEncodings = 0;
			knownRegions = (
				en,
			);
			mainGroup = 56353B751EFD9E1100B8FB76;
			productRefGroup = 56353B7F1EFD9E1100B8FB76 /* Products */;
			projectDirPath = "";
			projectRoot = "";
			targets = (
				56353B7D1EFD9E1100B8FB76 /* Tema8_LaColaInjusta */,
			);
		};
/* End PBXProject section */

/* Begin PBXSourcesBuildPhase section */
		56353B7A1EFD9E1100B8FB76 /* Sources */ = {
			isa = PBXSourcesBuildPhase;
			buildActionMask = 2147483647;
			files = (
				56353B821EFD9E1100B8FB76 /* main.cpp in Sources */,
			);
			runOnlyForDeploymentPostprocessing = 0;
		};
/* End PBXSourcesBuildPhase section */

/* Begin XCBuildConfiguration section */
		56353B831EFD9E1100B8FB76 /* Debug */ = {
			isa = XCBuildConfiguration;
			buildSettings = {
				ALWAYS_SEARCH_USER_PATHS = NO;
				CLANG_ANALYZER_NONNULL = YES;
				CLANG_CXX_LANGUAGE_STANDARD = "gnu++0x";
				CLANG_CXX_LIBRARY = "libc++";
				CLANG_ENABLE_MODULES = YES;
				CLANG_ENABLE_OBJC_ARC = YES;
				CLANG_WARN_BOOL_CONVERSION = YES;
				CLANG_WARN_CONSTANT_CONVERSION = YES;
				CLANG_WARN_DIRECT_OBJC_ISA_USAGE = YES_ERROR;
				CLANG_WARN_DOCUMENTATION_COMMENTS = YES;
				CLANG_WARN_EMPTY_BODY = YES;
				CLANG_WARN_ENUM_CONVERSION = YES;
				CLANG_WARN_INFINITE_RECURSION = YES;
				CLANG_WARN_INT_CONVERSION = YES;
				CLANG_WARN_OBJC_ROOT_CLASS = YES_ERROR;
				CLANG_WARN_SUSPICIOUS_MOVE = YES;
				CLANG_WARN_UNREACHABLE_CODE = YES;
				CLANG_WARN__DUPLICATE_METHOD_MATCH = YES;
				CODE_SIGN_IDENTITY = "-";
				COPY_PHASE_STRIP = NO;
				DEBUG_INFORMATION_FORMAT = dwarf;
				ENABLE_STRICT_OBJC_MSGSEND = YES;
				ENABLE_TESTABILITY = YES;
				GCC_C_LANGUAGE_STANDARD = gnu99;
				GCC_DYNAMIC_NO_PIC = NO;
				GCC_NO_COMMON_BLOCKS = YES;
				GCC_OPTIMIZATION_LEVEL = 0;
				GCC_PREPROCESSOR_DEFINITIONS = (
					"DEBUG=1",
					"$(inherited)",
				);
				GCC_WARN_64_TO_32_BIT_CONVERSION = YES;
				GCC_WARN_ABOUT_RETURN_TYPE = YES_ERROR;
				GCC_WARN_UNDECLARED_SELECTOR = YES;
				GCC_WARN_UNINITIALIZED_AUTOS = YES_AGGRESSIVE;
				GCC_WARN_UNUSED_FUNCTION = YES;
				GCC_WARN_UNUSED_VARIABLE = YES;
				MACOSX_DEPLOYMENT_TARGET = 10.12;
				MTL_ENABLE_DEBUG_INFO = YES;
				ONLY_ACTIVE_ARCH = YES;
				SDKROOT = macosx;
			};
			name = Debug;
		};
		56353B841EFD9E1100B8FB76 /* Release */ = {
			isa = XCBuildConfiguration;
			buildSettings = {
				ALWAYS_SEARCH_USER_PATHS = NO;
				CLANG_ANALYZER_NONNULL = YES;
				CLANG_CXX_LANGUAGE_STANDARD = "gnu++0x";
				CLANG_CXX_LIBRARY = "libc++";
				CLANG_ENABLE_MODULES = YES;
				CLANG_ENABLE_OBJC_ARC = YES;
				CLANG_WARN_BOOL_CONVERSION = YES;
				CLANG_WARN_CONSTANT_CONVERSION = YES;
				CLANG_WARN_DIRECT_OBJC_ISA_USAGE = YES_ERROR;
				CLANG_WARN_DOCUMENTATION_COMMENTS = YES;
				CLANG_WARN_EMPTY_BODY = YES;
				CLANG_WARN_ENUM_CONVERSION = YES;
				CLANG_WARN_INFINITE_RECURSION = YES;
				CLANG_WARN_INT_CONVERSION = YES;
				CLANG_WARN_OBJC_ROOT_CLASS = YES_ERROR;
				CLANG_WARN_SUSPICIOUS_MOVE = YES;
				CLANG_WARN_UNREACHABLE_CODE = YES;
				CLANG_WARN__DUPLICATE_METHOD_MATCH = YES;
				CODE_SIGN_IDENTITY = "-";
				COPY_PHASE_STRIP = NO;
				DEBUG_INFORMATION_FORMAT = "dwarf-with-dsym";
				ENABLE_NS_ASSERTIONS = NO;
				ENABLE_STRICT_OBJC_MSGSEND = YES;
				GCC_C_LANGUAGE_STANDARD = gnu99;
				GCC_NO_COMMON_BLOCKS = YES;
				GCC_WARN_64_TO_32_BIT_CONVERSION = YES;
				GCC_WARN_ABOUT_RETURN_TYPE = YES_ERROR;
				GCC_WARN_UNDECLARED_SELECTOR = YES;
				GCC_WARN_UNINITIALIZED_AUTOS = YES_AGGRESSIVE;
				GCC_WARN_UNUSED_FUNCTION = YES;
				GCC_WARN_UNUSED_VARIABLE = YES;
				MACOSX_DEPLOYMENT_TARGET = 10.12;
				MTL_ENABLE_DEBUG_INFO = NO;
				SDKROOT = macosx;
			};
			name = Release;
		};
		56353B861EFD9E1100B8FB76 /* Debug */ = {
			isa = XCBuildConfiguration;
			buildSettings = {
				DEVELOPMENT_TEAM = UY69P266SE;
				PRODUCT_NAME = "$(TARGET_NAME)";
			};
			name = Debug;
		};
		56353B871EFD9E1100B8FB76 /* Release */ = {
			isa = XCBuildConfiguration;
			buildSettings = {
				DEVELOPMENT_TEAM = UY69P266SE;
				PRODUCT_NAME = "$(TARGET_NAME)";
			};
			name = Release;
		};
/* End XCBuildConfiguration section */

/* Begin XCConfigurationList section */
		56353B791EFD9E1100B8FB76 /* Build configuration list for PBXProject "Tema8_LaColaInjusta" */ = {
			isa = XCConfigurationList;
			buildConfigurations = (
				56353B831EFD9E1100B8FB76 /* Debug */,
				56353B841EFD9E1100B8FB76 /* Release */,
			);
			defaultConfigurationIsVisible = 0;
			defaultConfigurationName = Release;
		};
		56353B851EFD9E1100B8FB76 /* Build configuration list for PBXNativeTarget "Tema8_LaColaInjusta" */ = {
			isa = XCConfigurationList;
			buildConfigurations = (
				56353B861EFD9E1100B8FB76 /* Debug */,
				56353B871EFD9E1100B8FB76 /* Release */,
			);
			defaultConfigurationIsVisible = 0;
		};
/* End XCConfigurationList section */
	};
	rootObject = 56353B761EFD9E1100B8FB76 /* Project object */;
}
